
Microsoft Visual Studio Solution File, Format Version 12.00
# Visual Studio Version 17
VisualStudioVersion = 17.13.35825.156 d17.13
MinimumVisualStudioVersion = 10.0.40219.1
Project("{FAE04EC0-301F-11D3-BF4B-00C04F79EFBC}") = "SimpleBankSystem", "SimpleBankSystem\SimpleBankSystem.csproj", "{B0C61C63-453C-474F-8D5A-43C1CE5FABDD}"
EndProject
Global
	GlobalSection(SolutionConfigurationPlatforms) = preSolution
		Debug|Any CPU = Debug|Any CPU
		Release|Any CPU = Release|Any CPU
	EndGlobalSection
	GlobalSection(ProjectConfigurationPlatforms) = postSolution
		{B0C61C63-453C-474F-8D5A-43C1CE5FABDD}.Debug|Any CPU.ActiveCfg = Debug|Any CPU
		{B0C61C63-453C-474F-8D5A-43C1CE5FABDD}.Debug|Any CPU.Build.0 = Debug|Any CPU
		{B0C61C63-453C-474F-8D5A-43C1CE5FABDD}.Release|Any CPU.ActiveCfg = Release|Any CPU
		{B0C61C63-453C-474F-8D5A-43C1CE5FABDD}.Release|Any CPU.Build.0 = Release|Any CPU
	EndGlobalSection
	GlobalSection(SolutionProperties) = preSolution
		HideSolutionNode = FALSE
	EndGlobalSection
	GlobalSection(ExtensibilityGlobals) = postSolution
		SolutionGuid = {0FC472B3-04C6-4548-838D-EDF48FA19320}
	EndGlobalSection
EndGlobal
